
Microsoft Visual Studio Solution File, Format Version 12.00
# Visual Studio Version 17
VisualStudioVersion = 17.5.33424.131
MinimumVisualStudioVersion = 10.0.40219.1
Project("{FAE04EC0-301F-11D3-BF4B-00C04F79EFBC}") = "NetMethodsFunctionsApp", "NetMethodsFunctionsApp\NetMethodsFunctionsApp.csproj", "{08964EF4-3366-40CE-A4EB-26EC0BB42515}"
EndProject
Global
	GlobalSection(SolutionConfigurationPlatforms) = preSolution
		Debug|Any CPU = Debug|Any CPU
		Release|Any CPU = Release|Any CPU
	EndGlobalSection
	GlobalSection(ProjectConfigurationPlatforms) = postSolution
		{08964EF4-3366-40CE-A4EB-26EC0BB42515}.Debug|Any CPU.ActiveCfg = Debug|Any CPU
		{08964EF4-3366-40CE-A4EB-26EC0BB42515}.Debug|Any CPU.Build.0 = Debug|Any CPU
		{08964EF4-3366-40CE-A4EB-26EC0BB42515}.Release|Any CPU.ActiveCfg = Release|Any CPU
		{08964EF4-3366-40CE-A4EB-26EC0BB42515}.Release|Any CPU.Build.0 = Release|Any CPU
	EndGlobalSection
	GlobalSection(SolutionProperties) = preSolution
		HideSolutionNode = FALSE
	EndGlobalSection
	GlobalSection(ExtensibilityGlobals) = postSolution
		SolutionGuid = {31271592-B85A-40A5-95D5-D2CEB78876E1}
	EndGlobalSection
EndGlobal
